PODS:
  - Alamofire (4.5.0)
  - AlamofireObjectMapper (4.1.0):
    - Alamofire (~> 4.1)
    - ObjectMapper (~> 2.0)
  - Cache (3.3.0):
    - SwiftHash (~> 1.4.0)
  - ObjectMapper (2.2.7)
  - RxAlamofire (3.0.3):
    - RxAlamofire/Core (= 3.0.3)
  - RxAlamofire/Core (3.0.3):
    - Alamofire (~> 4.0)
    - RxSwift (~> 3.0)
  - RxCocoa (3.5.0):
    - RxSwift (~> 3.4)
  - RxSwift (3.5.0)
  - SwiftHash (1.4.0)

DEPENDENCIES:
  - AlamofireObjectMapper (~> 4.0)
  - Cache
  - RxAlamofire
  - RxCocoa (~> 3.5)
  - RxSwift (~> 3.5)

SPEC CHECKSUMS:
  Alamofire: f28cdffd29de33a7bfa022cbd63ae95a27fae140
  AlamofireObjectMapper: 435adc82f5b367679bd9e71c4974a54efd0b2521
  Cache: 871805a8a7268feac34f5c10c54506801f0bd4cd
  ObjectMapper: 65abcfd9a61cf7396cbd14a4fb22fddfcc46577e
  RxAlamofire: 5eb39188c4917ad98127c0ecb4878a61b7517003
  RxCocoa: a0a09f45d0e5b48ecb6a4a7b4b4c89c88d3f633f
  RxSwift: 18ee9d78b45edb3b0b7e79916b47a116e6dbc842
  SwiftHash: acf0f29032309a5c7a7f625595eade1aca97aca2

PODFILE CHECKSUM: 26101f542d549f0121351a7ac0d2516b777e739d

COCOAPODS: 1.2.1
